
Microsoft Visual Studio Solution File, Format Version 12.00
# Visual Studio Version 17
VisualStudioVersion = 17.13.35913.81 d17.13
MinimumVisualStudioVersion = 10.0.40219.1
Project("{FAE04EC0-301F-11D3-BF4B-00C04F79EFBC}") = "Exercicio_12", "Exercicio_12.csproj", "{4DEDF8E8-A542-4FC3-BC7A-301A1763699C}"
EndProject
Global
	GlobalSection(SolutionConfigurationPlatforms) = preSolution
		Debug|Any CPU = Debug|Any CPU
		Release|Any CPU = Release|Any CPU
	EndGlobalSection
	GlobalSection(ProjectConfigurationPlatforms) = postSolution
		{4DEDF8E8-A542-4FC3-BC7A-301A1763699C}.Debug|Any CPU.ActiveCfg = Debug|Any CPU
		{4DEDF8E8-A542-4FC3-BC7A-301A1763699C}.Debug|Any CPU.Build.0 = Debug|Any CPU
		{4DEDF8E8-A542-4FC3-BC7A-301A1763699C}.Release|Any CPU.ActiveCfg = Release|Any CPU
		{4DEDF8E8-A542-4FC3-BC7A-301A1763699C}.Release|Any CPU.Build.0 = Release|Any CPU
	EndGlobalSection
	GlobalSection(SolutionProperties) = preSolution
		HideSolutionNode = FALSE
	EndGlobalSection
	GlobalSection(ExtensibilityGlobals) = postSolution
		SolutionGuid = {3F9C2118-7CD0-4D01-A8AA-CF53D16CFFDD}
	EndGlobalSection
EndGlobal
