
Microsoft Visual Studio Solution File, Format Version 12.00
# Visual Studio Version 17
VisualStudioVersion = 17.14.36202.13
MinimumVisualStudioVersion = 10.0.40219.1
Project("{FAE04EC0-301F-11D3-BF4B-00C04F79EFBC}") = "AT", "AT\AT.csproj", "{E48B9B82-22A8-9971-6D7B-0CB1C8EA313C}"
EndProject
Project("{FAE04EC0-301F-11D3-BF4B-00C04F79EFBC}") = "Delegates", "Delegates\Delegates.csproj", "{6676784E-ACE8-494B-96D8-9B712046037F}"
EndProject
Global
	GlobalSection(SolutionConfigurationPlatforms) = preSolution
		Debug|Any CPU = Debug|Any CPU
		Release|Any CPU = Release|Any CPU
	EndGlobalSection
	GlobalSection(ProjectConfigurationPlatforms) = postSolution
		{E48B9B82-22A8-9971-6D7B-0CB1C8EA313C}.Debug|Any CPU.ActiveCfg = Debug|Any CPU
		{E48B9B82-22A8-9971-6D7B-0CB1C8EA313C}.Debug|Any CPU.Build.0 = Debug|Any CPU
		{E48B9B82-22A8-9971-6D7B-0CB1C8EA313C}.Release|Any CPU.ActiveCfg = Release|Any CPU
		{E48B9B82-22A8-9971-6D7B-0CB1C8EA313C}.Release|Any CPU.Build.0 = Release|Any CPU
		{6676784E-ACE8-494B-96D8-9B712046037F}.Debug|Any CPU.ActiveCfg = Debug|Any CPU
		{6676784E-ACE8-494B-96D8-9B712046037F}.Debug|Any CPU.Build.0 = Debug|Any CPU
		{6676784E-ACE8-494B-96D8-9B712046037F}.Release|Any CPU.ActiveCfg = Release|Any CPU
		{6676784E-ACE8-494B-96D8-9B712046037F}.Release|Any CPU.Build.0 = Release|Any CPU
	EndGlobalSection
	GlobalSection(SolutionProperties) = preSolution
		HideSolutionNode = FALSE
	EndGlobalSection
	GlobalSection(ExtensibilityGlobals) = postSolution
		SolutionGuid = {E948ABF9-4F26-48FA-9F01-90FA379C37CF}
	EndGlobalSection
EndGlobal
